
Microsoft Visual Studio Solution File, Format Version 12.00
# Visual Studio 15
Project("{FAE04EC0-301F-11D3-BF4B-00C04F79EFBC}") = "Assembly-CSharp", "Assembly-CSharp.csproj", "{D36C7625-91FF-D15B-231C-02FCB5B4840F}"
EndProject
Project("{FAE04EC0-301F-11D3-BF4B-00C04F79EFBC}") = "Sirenix.OdinInspector.CompatibilityLayer", "Sirenix.OdinInspector.CompatibilityLayer.csproj", "{898E1BB6-D54B-F533-9E66-06723B156E3D}"
EndProject
Project("{FAE04EC0-301F-11D3-BF4B-00C04F79EFBC}") = "Sirenix.OdinInspector.CompatibilityLayer.Editor", "Sirenix.OdinInspector.CompatibilityLayer.Editor.csproj", "{E0028C04-45D5-4AD3-AA09-0D3D580CB3E0}"
EndProject
Global
	GlobalSection(SolutionConfigurationPlatforms) = preSolution
		Debug|Any CPU = Debug|Any CPU
		Release|Any CPU = Release|Any CPU
	EndGlobalSection
	GlobalSection(ProjectConfigurationPlatforms) = postSolution
		{D36C7625-91FF-D15B-231C-02FCB5B4840F}.Debug|Any CPU.ActiveCfg = Debug|Any CPU
		{D36C7625-91FF-D15B-231C-02FCB5B4840F}.Debug|Any CPU.Build.0 = Debug|Any CPU
		{D36C7625-91FF-D15B-231C-02FCB5B4840F}.Release|Any CPU.ActiveCfg = Release|Any CPU
		{D36C7625-91FF-D15B-231C-02FCB5B4840F}.Release|Any CPU.Build.0 = Release|Any CPU
		{898E1BB6-D54B-F533-9E66-06723B156E3D}.Debug|Any CPU.ActiveCfg = Debug|Any CPU
		{898E1BB6-D54B-F533-9E66-06723B156E3D}.Debug|Any CPU.Build.0 = Debug|Any CPU
		{898E1BB6-D54B-F533-9E66-06723B156E3D}.Release|Any CPU.ActiveCfg = Release|Any CPU
		{898E1BB6-D54B-F533-9E66-06723B156E3D}.Release|Any CPU.Build.0 = Release|Any CPU
		{E0028C04-45D5-4AD3-AA09-0D3D580CB3E0}.Debug|Any CPU.ActiveCfg = Debug|Any CPU
		{E0028C04-45D5-4AD3-AA09-0D3D580CB3E0}.Debug|Any CPU.Build.0 = Debug|Any CPU
		{E0028C04-45D5-4AD3-AA09-0D3D580CB3E0}.Release|Any CPU.ActiveCfg = Release|Any CPU
		{E0028C04-45D5-4AD3-AA09-0D3D580CB3E0}.Release|Any CPU.Build.0 = Release|Any CPU
	EndGlobalSection
	GlobalSection(SolutionProperties) = preSolution
		HideSolutionNode = FALSE
	EndGlobalSection
EndGlobal
